
Microsoft Visual Studio Solution File, Format Version 12.00
# Visual Studio 2012
Project("{FAE04EC0-301F-11D3-BF4B-00C04F79EFBC}") = "WindowsFormsApplication1", "WindowsFormsApplication1\WindowsFormsApplication1.csproj", "{1D037F9A-738A-4B11-B38C-56A99EF44708}"
EndProject
Global
	GlobalSection(SolutionConfigurationPlatforms) = preSolution
		Debug|Any CPU = Debug|Any CPU
		Release|Any CPU = Release|Any CPU
	EndGlobalSection
	GlobalSection(ProjectConfigurationPlatforms) = postSolution
		{1D037F9A-738A-4B11-B38C-56A99EF44708}.Debug|Any CPU.ActiveCfg = Debug|Any CPU
		{1D037F9A-738A-4B11-B38C-56A99EF44708}.Debug|Any CPU.Build.0 = Debug|Any CPU
		{1D037F9A-738A-4B11-B38C-56A99EF44708}.Release|Any CPU.ActiveCfg = Release|Any CPU
		{1D037F9A-738A-4B11-B38C-56A99EF44708}.Release|Any CPU.Build.0 = Release|Any CPU
	EndGlobalSection
	GlobalSection(SolutionProperties) = preSolution
		HideSolutionNode = FALSE
	EndGlobalSection
EndGlobal
